{
  "requires": true,
  "lockfileVersion": 1,
  "dependencies": {
    "cordova-plugin-insomnia": {
      "version": "git+https://github.com/EddyVerbruggen/Insomnia-PhoneGap-Plugin.git#f83de3ac8ff1bd9ce48652091e8d183c6dcb9e06",
      "from": "git+https://github.com/EddyVerbruggen/Insomnia-PhoneGap-Plugin.git"
    },
    "cordova-plugin-preventsleep": {
      "version": "1.1.1",
      "resolved": "https://registry.npmjs.org/cordova-plugin-preventsleep/-/cordova-plugin-preventsleep-1.1.1.tgz",
      "integrity": "sha1-BlpWtBi6oPMXHkf7PJjJmYGtdCE="
    },
    "cordova-plugin-websql": {
      "version": "0.0.10",
      "resolved": "https://registry.npmjs.org/cordova-plugin-websql/-/cordova-plugin-websql-0.0.10.tgz",
      "integrity": "sha1-vsKqiRDgU9/rL8O5+tQINSVBqMA="
    }
  }
}
